
Microsoft Visual Studio Solution File, Format Version 12.00
# Visual Studio 15
VisualStudioVersion = 15.0.28307.168
MinimumVisualStudioVersion = 10.0.40219.1
Project("{9A19103F-16F7-4668-BE54-9A1E7A4F7556}") = "Covid19Nz", "Covid19Nz\Covid19Nz.csproj", "{71177AD9-8B37-4ECF-8106-BDC904B7AAA5}"
EndProject
Project("{FAE04EC0-301F-11D3-BF4B-00C04F79EFBC}") = "Covid19NzUnitTests", "Covid19NzUnitTests\Covid19NzUnitTests.csproj", "{7A6F2D2E-9B76-4C6E-A192-D532388D1DCD}"
EndProject
Global
	GlobalSection(SolutionConfigurationPlatforms) = preSolution
		Debug|Any CPU = Debug|Any CPU
		Release|Any CPU = Release|Any CPU
	EndGlobalSection
	GlobalSection(ProjectConfigurationPlatforms) = postSolution
		{71177AD9-8B37-4ECF-8106-BDC904B7AAA5}.Debug|Any CPU.ActiveCfg = Debug|Any CPU
		{71177AD9-8B37-4ECF-8106-BDC904B7AAA5}.Debug|Any CPU.Build.0 = Debug|Any CPU
		{71177AD9-8B37-4ECF-8106-BDC904B7AAA5}.Release|Any CPU.ActiveCfg = Release|Any CPU
		{71177AD9-8B37-4ECF-8106-BDC904B7AAA5}.Release|Any CPU.Build.0 = Release|Any CPU
		{7A6F2D2E-9B76-4C6E-A192-D532388D1DCD}.Debug|Any CPU.ActiveCfg = Debug|Any CPU
		{7A6F2D2E-9B76-4C6E-A192-D532388D1DCD}.Debug|Any CPU.Build.0 = Debug|Any CPU
		{7A6F2D2E-9B76-4C6E-A192-D532388D1DCD}.Release|Any CPU.ActiveCfg = Release|Any CPU
		{7A6F2D2E-9B76-4C6E-A192-D532388D1DCD}.Release|Any CPU.Build.0 = Release|Any CPU
	EndGlobalSection
	GlobalSection(SolutionProperties) = preSolution
		HideSolutionNode = FALSE
	EndGlobalSection
	GlobalSection(ExtensibilityGlobals) = postSolution
		SolutionGuid = {136813ED-BC14-4796-9399-4776CE6C6095}
	EndGlobalSection
EndGlobal
